// !$*UTF8*$!
{
	archiveVersion = 1;
	classes = {
	};
	objectVersion = 46;
	objects = {

/* Begin PBXBuildFile section */
		84408E8E1DB86A03001DCA82 /* DiyCuteRefreshHeader.m in Sources */ = {isa = PBXBuildFile; fileRef = 84408E8D1DB86A03001DCA82 /* DiyCuteRefreshHeader.m */; };
		846ADE50205BB4D200FE9034 /* MJTableViewController.m in Sources */ = {isa = PBXBuildFile; fileRef = 846ADE46205BB4D000FE9034 /* MJTableViewController.m */; };
		846ADE51205BB4D200FE9034 /* MJTableViewHeader.m in Sources */ = {isa = PBXBuildFile; fileRef = 846ADE47205BB4D000FE9034 /* MJTableViewHeader.m */; };
		846ADE52205BB4D200FE9034 /* MJTableViewSection.m in Sources */ = {isa = PBXBuildFile; fileRef = 846ADE49205BB4D100FE9034 /* MJTableViewSection.m */; };
		846ADE53205BB4D200FE9034 /* MJTableViewCell.m in Sources */ = {isa = PBXBuildFile; fileRef = 846ADE4A205BB4D100FE9034 /* MJTableViewCell.m */; };
		846ADE54205BB4D200FE9034 /* MJTableBaseView.m in Sources */ = {isa = PBXBuildFile; fileRef = 846ADE4F205BB4D100FE9034 /* MJTableBaseView.m */; };
		846ADF0A205BB96200FE9034 /* MJRefreshAutoFooter.m in Sources */ = {isa = PBXBuildFile; fileRef = 846ADEDE205BB96200FE9034 /* MJRefreshAutoFooter.m */; };
		846ADF0B205BB96200FE9034 /* MJRefreshBackFooter.m in Sources */ = {isa = PBXBuildFile; fileRef = 846ADEE0205BB96200FE9034 /* MJRefreshBackFooter.m */; };
		846ADF0C205BB96200FE9034 /* MJRefreshComponent.m in Sources */ = {isa = PBXBuildFile; fileRef = 846ADEE2205BB96200FE9034 /* MJRefreshComponent.m */; };
		846ADF0D205BB96200FE9034 /* MJRefreshFooter.m in Sources */ = {isa = PBXBuildFile; fileRef = 846ADEE4205BB96200FE9034 /* MJRefreshFooter.m */; };
		846ADF0E205BB96200FE9034 /* MJRefreshHeader.m in Sources */ = {isa = PBXBuildFile; fileRef = 846ADEE6205BB96200FE9034 /* MJRefreshHeader.m */; };
		846ADF0F205BB96200FE9034 /* MJRefreshAutoGifFooter.m in Sources */ = {isa = PBXBuildFile; fileRef = 846ADEEB205BB96200FE9034 /* MJRefreshAutoGifFooter.m */; };
		846ADF10205BB96200FE9034 /* MJRefreshAutoNormalFooter.m in Sources */ = {isa = PBXBuildFile; fileRef = 846ADEED205BB96200FE9034 /* MJRefreshAutoNormalFooter.m */; };
		846ADF11205BB96200FE9034 /* MJRefreshAutoStateFooter.m in Sources */ = {isa = PBXBuildFile; fileRef = 846ADEEF205BB96200FE9034 /* MJRefreshAutoStateFooter.m */; };
		846ADF12205BB96200FE9034 /* MJRefreshBackGifFooter.m in Sources */ = {isa = PBXBuildFile; fileRef = 846ADEF2205BB96200FE9034 /* MJRefreshBackGifFooter.m */; };
		846ADF13205BB96200FE9034 /* MJRefreshBackNormalFooter.m in Sources */ = {isa = PBXBuildFile; fileRef = 846ADEF4205BB96200FE9034 /* MJRefreshBackNormalFooter.m */; };
		846ADF14205BB96200FE9034 /* MJRefreshBackStateFooter.m in Sources */ = {isa = PBXBuildFile; fileRef = 846ADEF6205BB96200FE9034 /* MJRefreshBackStateFooter.m */; };
		846ADF15205BB96200FE9034 /* MJRefreshGifHeader.m in Sources */ = {isa = PBXBuildFile; fileRef = 846ADEF9205BB96200FE9034 /* MJRefreshGifHeader.m */; };
		846ADF16205BB96200FE9034 /* MJRefreshNormalHeader.m in Sources */ = {isa = PBXBuildFile; fileRef = 846ADEFB205BB96200FE9034 /* MJRefreshNormalHeader.m */; };
		846ADF17205BB96200FE9034 /* MJRefreshStateHeader.m in Sources */ = {isa = PBXBuildFile; fileRef = 846ADEFD205BB96200FE9034 /* MJRefreshStateHeader.m */; };
		846ADF18205BB96200FE9034 /* MJRefresh.bundle in Resources */ = {isa = PBXBuildFile; fileRef = 846ADEFE205BB96200FE9034 /* MJRefresh.bundle */; };
		846ADF19205BB96200FE9034 /* MJRefreshConst.m in Sources */ = {isa = PBXBuildFile; fileRef = 846ADF01205BB96200FE9034 /* MJRefreshConst.m */; };
		846ADF1A205BB96200FE9034 /* NSBundle+MJRefresh.m in Sources */ = {isa = PBXBuildFile; fileRef = 846ADF03205BB96200FE9034 /* NSBundle+MJRefresh.m */; };
		846ADF1B205BB96200FE9034 /* UIScrollView+MJExtension.m in Sources */ = {isa = PBXBuildFile; fileRef = 846ADF05205BB96200FE9034 /* UIScrollView+MJExtension.m */; };
		846ADF1C205BB96200FE9034 /* UIScrollView+MJRefresh.m in Sources */ = {isa = PBXBuildFile; fileRef = 846ADF07205BB96200FE9034 /* UIScrollView+MJRefresh.m */; };
		846ADF1D205BB96200FE9034 /* UIView+MJExtension.m in Sources */ = {isa = PBXBuildFile; fileRef = 846ADF09205BB96200FE9034 /* UIView+MJExtension.m */; };
		846ADF23205BC1AA00FE9034 /* MJRefreshComponent+GY.m in Sources */ = {isa = PBXBuildFile; fileRef = 846ADF22205BC1AA00FE9034 /* MJRefreshComponent+GY.m */; };
		846ADF26205BC6B800FE9034 /* MJRefreshAutoFooterGY.m in Sources */ = {isa = PBXBuildFile; fileRef = 846ADF25205BC6B800FE9034 /* MJRefreshAutoFooterGY.m */; };
		8472882E1FE221470020C0D9 /* DiyRotateRefreshHeader.m in Sources */ = {isa = PBXBuildFile; fileRef = 8472882D1FE221470020C0D9 /* DiyRotateRefreshHeader.m */; };
		8483C1431DADDF1600EDB017 /* main.m in Sources */ = {isa = PBXBuildFile; fileRef = 8483C1421DADDF1600EDB017 /* main.m */; };
		8483C1461DADDF1600EDB017 /* AppDelegate.m in Sources */ = {isa = PBXBuildFile; fileRef = 8483C1451DADDF1600EDB017 /* AppDelegate.m */; };
		8483C1491DADDF1600EDB017 /* ViewController.m in Sources */ = {isa = PBXBuildFile; fileRef = 8483C1481DADDF1600EDB017 /* ViewController.m */; };
		8483C14E1DADDF1600EDB017 /* Assets.xcassets in Resources */ = {isa = PBXBuildFile; fileRef = 8483C14D1DADDF1600EDB017 /* Assets.xcassets */; };
		8483C1511DADDF1600EDB017 /* LaunchScreen.storyboard in Resources */ = {isa = PBXBuildFile; fileRef = 8483C14F1DADDF1600EDB017 /* LaunchScreen.storyboard */; };
		84FB4A141DB75AC100823DEC /* UICuteView.m in Sources */ = {isa = PBXBuildFile; fileRef = 84FB4A131DB75AC100823DEC /* UICuteView.m */; };
		A9D43CA31DBB2EFD00937123 /* iconfont.ttf in Resources */ = {isa = PBXBuildFile; fileRef = A9D43CA21DBB2EF400937123 /* iconfont.ttf */; };
/* End PBXBuildFile section */

/* Begin PBXFileReference section */
		84408E8C1DB86A03001DCA82 /* DiyCuteRefreshHeader.h */ = {isa = PBXFileReference; fileEncoding = 4; lastKnownFileType = sourcecode.c.h; path = DiyCuteRefreshHeader.h; sourceTree = "<group>"; };
		84408E8D1DB86A03001DCA82 /* DiyCuteRefreshHeader.m */ = {isa = PBXFileReference; fileEncoding = 4; lastKnownFileType = sourcecode.c.objc; path = DiyCuteRefreshHeader.m; sourceTree = "<group>"; };
		846ADE46205BB4D000FE9034 /* MJTableViewController.m */ = {isa = PBXFileReference; fileEncoding = 4; lastKnownFileType = sourcecode.c.objc; path = MJTableViewController.m; sourceTree = "<group>"; };
		846ADE47205BB4D000FE9034 /* MJTableViewHeader.m */ = {isa = PBXFileReference; fileEncoding = 4; lastKnownFileType = sourcecode.c.objc; path = MJTableViewHeader.m; sourceTree = "<group>"; };
		846ADE48205BB4D000FE9034 /* MJTableViewSection.h */ = {isa = PBXFileReference; fileEncoding = 4; lastKnownFileType = sourcecode.c.h; path = MJTableViewSection.h; sourceTree = "<group>"; };
		846ADE49205BB4D100FE9034 /* MJTableViewSection.m */ = {isa = PBXFileReference; fileEncoding = 4; lastKnownFileType = sourcecode.c.objc; path = MJTableViewSection.m; sourceTree = "<group>"; };
		846ADE4A205BB4D100FE9034 /* MJTableViewCell.m */ = {isa = PBXFileReference; fileEncoding = 4; lastKnownFileType = sourcecode.c.objc; path = MJTableViewCell.m; sourceTree = "<group>"; };
		846ADE4B205BB4D100FE9034 /* MJTableViewCell.h */ = {isa = PBXFileReference; fileEncoding = 4; lastKnownFileType = sourcecode.c.h; path = MJTableViewCell.h; sourceTree = "<group>"; };
		846ADE4C205BB4D100FE9034 /* MJTableBaseView.h */ = {isa = PBXFileReference; fileEncoding = 4; lastKnownFileType = sourcecode.c.h; path = MJTableBaseView.h; sourceTree = "<group>"; };
		846ADE4D205BB4D100FE9034 /* MJTableViewController.h */ = {isa = PBXFileReference; fileEncoding = 4; lastKnownFileType = sourcecode.c.h; path = MJTableViewController.h; sourceTree = "<group>"; };
		846ADE4E205BB4D100FE9034 /* MJTableViewHeader.h */ = {isa = PBXFileReference; fileEncoding = 4; lastKnownFileType = sourcecode.c.h; path = MJTableViewHeader.h; sourceTree = "<group>"; };
		846ADE4F205BB4D100FE9034 /* MJTableBaseView.m */ = {isa = PBXFileReference; fileEncoding = 4; lastKnownFileType = sourcecode.c.objc; path = MJTableBaseView.m; sourceTree = "<group>"; };
		846ADEDD205BB96200FE9034 /* MJRefreshAutoFooter.h */ = {isa = PBXFileReference; fileEncoding = 4; lastKnownFileType = sourcecode.c.h; path = MJRefreshAutoFooter.h; sourceTree = "<group>"; };
		846ADEDE205BB96200FE9034 /* MJRefreshAutoFooter.m */ = {isa = PBXFileReference; fileEncoding = 4; lastKnownFileType = sourcecode.c.objc; path = MJRefreshAutoFooter.m; sourceTree = "<group>"; };
		846ADEDF205BB96200FE9034 /* MJRefreshBackFooter.h */ = {isa = PBXFileReference; fileEncoding = 4; lastKnownFileType = sourcecode.c.h; path = MJRefreshBackFooter.h; sourceTree = "<group>"; };
		846ADEE0205BB96200FE9034 /* MJRefreshBackFooter.m */ = {isa = PBXFileReference; fileEncoding = 4; lastKnownFileType = sourcecode.c.objc; path = MJRefreshBackFooter.m; sourceTree = "<group>"; };
		846ADEE1205BB96200FE9034 /* MJRefreshComponent.h */ = {isa = PBXFileReference; fileEncoding = 4; lastKnownFileType = sourcecode.c.h; path = MJRefreshComponent.h; sourceTree = "<group>"; };
		846ADEE2205BB96200FE9034 /* MJRefreshComponent.m */ = {isa = PBXFileReference; fileEncoding = 4; lastKnownFileType = sourcecode.c.objc; path = MJRefreshComponent.m; sourceTree = "<group>"; };
		846ADEE3205BB96200FE9034 /* MJRefreshFooter.h */ = {isa = PBXFileReference; fileEncoding = 4; lastKnownFileType = sourcecode.c.h; path = MJRefreshFooter.h; sourceTree = "<group>"; };
		846ADEE4205BB96200FE9034 /* MJRefreshFooter.m */ = {isa = PBXFileReference; fileEncoding = 4; lastKnownFileType = sourcecode.c.objc; path = MJRefreshFooter.m; sourceTree = "<group>"; };
		846ADEE5205BB96200FE9034 /* MJRefreshHeader.h */ = {isa = PBXFileReference; fileEncoding = 4; lastKnownFileType = sourcecode.c.h; path = MJRefreshHeader.h; sourceTree = "<group>"; };
		846ADEE6205BB96200FE9034 /* MJRefreshHeader.m */ = {isa = PBXFileReference; fileEncoding = 4; lastKnownFileType = sourcecode.c.objc; path = MJRefreshHeader.m; sourceTree = "<group>"; };
		846ADEEA205BB96200FE9034 /* MJRefreshAutoGifFooter.h */ = {isa = PBXFileReference; fileEncoding = 4; lastKnownFileType = sourcecode.c.h; path = MJRefreshAutoGifFooter.h; sourceTree = "<group>"; };
		846ADEEB205BB96200FE9034 /* MJRefreshAutoGifFooter.m */ = {isa = PBXFileReference; fileEncoding = 4; lastKnownFileType = sourcecode.c.objc; path = MJRefreshAutoGifFooter.m; sourceTree = "<group>"; };
		846ADEEC205BB96200FE9034 /* MJRefreshAutoNormalFooter.h */ = {isa = PBXFileReference; fileEncoding = 4; lastKnownFileType = sourcecode.c.h; path = MJRefreshAutoNormalFooter.h; sourceTree = "<group>"; };
		846ADEED205BB96200FE9034 /* MJRefreshAutoNormalFooter.m */ = {isa = PBXFileReference; fileEncoding = 4; lastKnownFileType = sourcecode.c.objc; path = MJRefreshAutoNormalFooter.m; sourceTree = "<group>"; };
		846ADEEE205BB96200FE9034 /* MJRefreshAutoStateFooter.h */ = {isa = PBXFileReference; fileEncoding = 4; lastKnownFileType = sourcecode.c.h; path = MJRefreshAutoStateFooter.h; sourceTree = "<group>"; };
		846ADEEF205BB96200FE9034 /* MJRefreshAutoStateFooter.m */ = {isa = PBXFileReference; fileEncoding = 4; lastKnownFileType = sourcecode.c.objc; path = MJRefreshAutoStateFooter.m; sourceTree = "<group>"; };
		846ADEF1205BB96200FE9034 /* MJRefreshBackGifFooter.h */ = {isa = PBXFileReference; fileEncoding = 4; lastKnownFileType = sourcecode.c.h; path = MJRefreshBackGifFooter.h; sourceTree = "<group>"; };
		846ADEF2205BB96200FE9034 /* MJRefreshBackGifFooter.m */ = {isa = PBXFileReference; fileEncoding = 4; lastKnownFileType = sourcecode.c.objc; path = MJRefreshBackGifFooter.m; sourceTree = "<group>"; };
		846ADEF3205BB96200FE9034 /* MJRefreshBackNormalFooter.h */ = {isa = PBXFileReference; fileEncoding = 4; lastKnownFileType = sourcecode.c.h; path = MJRefreshBackNormalFooter.h; sourceTree = "<group>"; };
		846ADEF4205BB96200FE9034 /* MJRefreshBackNormalFooter.m */ = {isa = PBXFileReference; fileEncoding = 4; lastKnownFileType = sourcecode.c.objc; path = MJRefreshBackNormalFooter.m; sourceTree = "<group>"; };
		846ADEF5205BB96200FE9034 /* MJRefreshBackStateFooter.h */ = {isa = PBXFileReference; fileEncoding = 4; lastKnownFileType = sourcecode.c.h; path = MJRefreshBackStateFooter.h; sourceTree = "<group>"; };
		846ADEF6205BB96200FE9034 /* MJRefreshBackStateFooter.m */ = {isa = PBXFileReference; fileEncoding = 4; lastKnownFileType = sourcecode.c.objc; path = MJRefreshBackStateFooter.m; sourceTree = "<group>"; };
		846ADEF8205BB96200FE9034 /* MJRefreshGifHeader.h */ = {isa = PBXFileReference; fileEncoding = 4; lastKnownFileType = sourcecode.c.h; path = MJRefreshGifHeader.h; sourceTree = "<group>"; };
		846ADEF9205BB96200FE9034 /* MJRefreshGifHeader.m */ = {isa = PBXFileReference; fileEncoding = 4; lastKnownFileType = sourcecode.c.objc; path = MJRefreshGifHeader.m; sourceTree = "<group>"; };
		846ADEFA205BB96200FE9034 /* MJRefreshNormalHeader.h */ = {isa = PBXFileReference; fileEncoding = 4; lastKnownFileType = sourcecode.c.h; path = MJRefreshNormalHeader.h; sourceTree = "<group>"; };
		846ADEFB205BB96200FE9034 /* MJRefreshNormalHeader.m */ = {isa = PBXFileReference; fileEncoding = 4; lastKnownFileType = sourcecode.c.objc; path = MJRefreshNormalHeader.m; sourceTree = "<group>"; };
		846ADEFC205BB96200FE9034 /* MJRefreshStateHeader.h */ = {isa = PBXFileReference; fileEncoding = 4; lastKnownFileType = sourcecode.c.h; path = MJRefreshStateHeader.h; sourceTree = "<group>"; };
		846ADEFD205BB96200FE9034 /* MJRefreshStateHeader.m */ = {isa = PBXFileReference; fileEncoding = 4; lastKnownFileType = sourcecode.c.objc; path = MJRefreshStateHeader.m; sourceTree = "<group>"; };
		846ADEFE205BB96200FE9034 /* MJRefresh.bundle */ = {isa = PBXFileReference; lastKnownFileType = "wrapper.plug-in"; path = MJRefresh.bundle; sourceTree = "<group>"; };
		846ADEFF205BB96200FE9034 /* MJRefresh.h */ = {isa = PBXFileReference; fileEncoding = 4; lastKnownFileType = sourcecode.c.h; path = MJRefresh.h; sourceTree = "<group>"; };
		846ADF00205BB96200FE9034 /* MJRefreshConst.h */ = {isa = PBXFileReference; fileEncoding = 4; lastKnownFileType = sourcecode.c.h; path = MJRefreshConst.h; sourceTree = "<group>"; };
		846ADF01205BB96200FE9034 /* MJRefreshConst.m */ = {isa = PBXFileReference; fileEncoding = 4; lastKnownFileType = sourcecode.c.objc; path = MJRefreshConst.m; sourceTree = "<group>"; };
		846ADF02205BB96200FE9034 /* NSBundle+MJRefresh.h */ = {isa = PBXFileReference; fileEncoding = 4; lastKnownFileType = sourcecode.c.h; path = "NSBundle+MJRefresh.h"; sourceTree = "<group>"; };
		846ADF03205BB96200FE9034 /* NSBundle+MJRefresh.m */ = {isa = PBXFileReference; fileEncoding = 4; lastKnownFileType = sourcecode.c.objc; path = "NSBundle+MJRefresh.m"; sourceTree = "<group>"; };
		846ADF04205BB96200FE9034 /* UIScrollView+MJExtension.h */ = {isa = PBXFileReference; fileEncoding = 4; lastKnownFileType = sourcecode.c.h; path = "UIScrollView+MJExtension.h"; sourceTree = "<group>"; };
		846ADF05205BB96200FE9034 /* UIScrollView+MJExtension.m */ = {isa = PBXFileReference; fileEncoding = 4; lastKnownFileType = sourcecode.c.objc; path = "UIScrollView+MJExtension.m"; sourceTree = "<group>"; };
		846ADF06205BB96200FE9034 /* UIScrollView+MJRefresh.h */ = {isa = PBXFileReference; fileEncoding = 4; lastKnownFileType = sourcecode.c.h; path = "UIScrollView+MJRefresh.h"; sourceTree = "<group>"; };
		846ADF07205BB96200FE9034 /* UIScrollView+MJRefresh.m */ = {isa = PBXFileReference; fileEncoding = 4; lastKnownFileType = sourcecode.c.objc; path = "UIScrollView+MJRefresh.m"; sourceTree = "<group>"; };
		846ADF08205BB96200FE9034 /* UIView+MJExtension.h */ = {isa = PBXFileReference; fileEncoding = 4; lastKnownFileType = sourcecode.c.h; path = "UIView+MJExtension.h"; sourceTree = "<group>"; };
		846ADF09205BB96200FE9034 /* UIView+MJExtension.m */ = {isa = PBXFileReference; fileEncoding = 4; lastKnownFileType = sourcecode.c.objc; path = "UIView+MJExtension.m"; sourceTree = "<group>"; };
		846ADF21205BC1AA00FE9034 /* MJRefreshComponent+GY.h */ = {isa = PBXFileReference; fileEncoding = 4; lastKnownFileType = sourcecode.c.h; path = "MJRefreshComponent+GY.h"; sourceTree = "<group>"; };
		846ADF22205BC1AA00FE9034 /* MJRefreshComponent+GY.m */ = {isa = PBXFileReference; fileEncoding = 4; lastKnownFileType = sourcecode.c.objc; path = "MJRefreshComponent+GY.m"; sourceTree = "<group>"; };
		846ADF24205BC6B800FE9034 /* MJRefreshAutoFooterGY.h */ = {isa = PBXFileReference; lastKnownFileType = sourcecode.c.h; path = MJRefreshAutoFooterGY.h; sourceTree = "<group>"; };
		846ADF25205BC6B800FE9034 /* MJRefreshAutoFooterGY.m */ = {isa = PBXFileReference; lastKnownFileType = sourcecode.c.objc; path = MJRefreshAutoFooterGY.m; sourceTree = "<group>"; };
		8472882C1FE221470020C0D9 /* DiyRotateRefreshHeader.h */ = {isa = PBXFileReference; fileEncoding = 4; lastKnownFileType = sourcecode.c.h; path = DiyRotateRefreshHeader.h; sourceTree = "<group>"; };
		8472882D1FE221470020C0D9 /* DiyRotateRefreshHeader.m */ = {isa = PBXFileReference; fileEncoding = 4; lastKnownFileType = sourcecode.c.objc; path = DiyRotateRefreshHeader.m; sourceTree = "<group>"; };
		8483C13E1DADDF1600EDB017 /* MJRefreshTest.app */ = {isa = PBXFileReference; explicitFileType = wrapper.application; includeInIndex = 0; path = MJRefreshTest.app; sourceTree = BUILT_PRODUCTS_DIR; };
		8483C1421DADDF1600EDB017 /* main.m */ = {isa = PBXFileReference; lastKnownFileType = sourcecode.c.objc; path = main.m; sourceTree = "<group>"; };
		8483C1441DADDF1600EDB017 /* AppDelegate.h */ = {isa = PBXFileReference; lastKnownFileType = sourcecode.c.h; path = AppDelegate.h; sourceTree = "<group>"; };
		8483C1451DADDF1600EDB017 /* AppDelegate.m */ = {isa = PBXFileReference; lastKnownFileType = sourcecode.c.objc; path = AppDelegate.m; sourceTree = "<group>"; };
		8483C1471DADDF1600EDB017 /* ViewController.h */ = {isa = PBXFileReference; lastKnownFileType = sourcecode.c.h; path = ViewController.h; sourceTree = "<group>"; };
		8483C1481DADDF1600EDB017 /* ViewController.m */ = {isa = PBXFileReference; lastKnownFileType = sourcecode.c.objc; path = ViewController.m; sourceTree = "<group>"; };
		8483C14D1DADDF1600EDB017 /* Assets.xcassets */ = {isa = PBXFileReference; lastKnownFileType = folder.assetcatalog; path = Assets.xcassets; sourceTree = "<group>"; };
		8483C1501DADDF1600EDB017 /* Base */ = {isa = PBXFileReference; lastKnownFileType = file.storyboard; name = Base; path = Base.lproj/LaunchScreen.storyboard; sourceTree = "<group>"; };
		8483C1521DADDF1600EDB017 /* Info.plist */ = {isa = PBXFileReference; lastKnownFileType = text.plist.xml; path = Info.plist; sourceTree = "<group>"; };
		84FB4A121DB75AC100823DEC /* UICuteView.h */ = {isa = PBXFileReference; fileEncoding = 4; lastKnownFileType = sourcecode.c.h; path = UICuteView.h; sourceTree = "<group>"; };
		84FB4A131DB75AC100823DEC /* UICuteView.m */ = {isa = PBXFileReference; fileEncoding = 4; lastKnownFileType = sourcecode.c.objc; path = UICuteView.m; sourceTree = "<group>"; };
		A9D43CA21DBB2EF400937123 /* iconfont.ttf */ = {isa = PBXFileReference; lastKnownFileType = file; path = iconfont.ttf; sourceTree = "<group>"; };
/* End PBXFileReference section */

/* Begin PBXFrameworksBuildPhase section */
		8483C13B1DADDF1600EDB017 /* Frameworks */ = {
			isa = PBXFrameworksBuildPhase;
			buildActionMask = 2147483647;
			files = (
			);
			runOnlyForDeploymentPostprocessing = 0;
		};
/* End PBXFrameworksBuildPhase section */

/* Begin PBXGroup section */
		846ADEDB205BB96200FE9034 /* MJRefresh */ = {
			isa = PBXGroup;
			children = (
				846ADEDC205BB96200FE9034 /* Base */,
				846ADEE7205BB96200FE9034 /* Custom */,
				846ADEFE205BB96200FE9034 /* MJRefresh.bundle */,
				846ADEFF205BB96200FE9034 /* MJRefresh.h */,
				846ADF00205BB96200FE9034 /* MJRefreshConst.h */,
				846ADF01205BB96200FE9034 /* MJRefreshConst.m */,
				846ADF02205BB96200FE9034 /* NSBundle+MJRefresh.h */,
				846ADF03205BB96200FE9034 /* NSBundle+MJRefresh.m */,
				846ADF04205BB96200FE9034 /* UIScrollView+MJExtension.h */,
				846ADF05205BB96200FE9034 /* UIScrollView+MJExtension.m */,
				846ADF06205BB96200FE9034 /* UIScrollView+MJRefresh.h */,
				846ADF07205BB96200FE9034 /* UIScrollView+MJRefresh.m */,
				846ADF08205BB96200FE9034 /* UIView+MJExtension.h */,
				846ADF09205BB96200FE9034 /* UIView+MJExtension.m */,
			);
			path = MJRefresh;
			sourceTree = "<group>";
		};
		846ADEDC205BB96200FE9034 /* Base */ = {
			isa = PBXGroup;
			children = (
				846ADEDD205BB96200FE9034 /* MJRefreshAutoFooter.h */,
				846ADEDE205BB96200FE9034 /* MJRefreshAutoFooter.m */,
				846ADEDF205BB96200FE9034 /* MJRefreshBackFooter.h */,
				846ADEE0205BB96200FE9034 /* MJRefreshBackFooter.m */,
				846ADEE1205BB96200FE9034 /* MJRefreshComponent.h */,
				846ADEE2205BB96200FE9034 /* MJRefreshComponent.m */,
				846ADEE3205BB96200FE9034 /* MJRefreshFooter.h */,
				846ADEE4205BB96200FE9034 /* MJRefreshFooter.m */,
				846ADEE5205BB96200FE9034 /* MJRefreshHeader.h */,
				846ADEE6205BB96200FE9034 /* MJRefreshHeader.m */,
			);
			path = Base;
			sourceTree = "<group>";
		};
		846ADEE7205BB96200FE9034 /* Custom */ = {
			isa = PBXGroup;
			children = (
				846ADEE8205BB96200FE9034 /* Footer */,
				846ADEF7205BB96200FE9034 /* Header */,
			);
			path = Custom;
			sourceTree = "<group>";
		};
		846ADEE8205BB96200FE9034 /* Footer */ = {
			isa = PBXGroup;
			children = (
				846ADEE9205BB96200FE9034 /* Auto */,
				846ADEF0205BB96200FE9034 /* Back */,
			);
			path = Footer;
			sourceTree = "<group>";
		};
		846ADEE9205BB96200FE9034 /* Auto */ = {
			isa = PBXGroup;
			children = (
				846ADEEA205BB96200FE9034 /* MJRefreshAutoGifFooter.h */,
				846ADEEB205BB96200FE9034 /* MJRefreshAutoGifFooter.m */,
				846ADEEC205BB96200FE9034 /* MJRefreshAutoNormalFooter.h */,
				846ADEED205BB96200FE9034 /* MJRefreshAutoNormalFooter.m */,
				846ADEEE205BB96200FE9034 /* MJRefreshAutoStateFooter.h */,
				846ADEEF205BB96200FE9034 /* MJRefreshAutoStateFooter.m */,
			);
			path = Auto;
			sourceTree = "<group>";
		};
		846ADEF0205BB96200FE9034 /* Back */ = {
			isa = PBXGroup;
			children = (
				846ADEF1205BB96200FE9034 /* MJRefreshBackGifFooter.h */,
				846ADEF2205BB96200FE9034 /* MJRefreshBackGifFooter.m */,
				846ADEF3205BB96200FE9034 /* MJRefreshBackNormalFooter.h */,
				846ADEF4205BB96200FE9034 /* MJRefreshBackNormalFooter.m */,
				846ADEF5205BB96200FE9034 /* MJRefreshBackStateFooter.h */,
				846ADEF6205BB96200FE9034 /* MJRefreshBackStateFooter.m */,
			);
			path = Back;
			sourceTree = "<group>";
		};
		846ADEF7205BB96200FE9034 /* Header */ = {
			isa = PBXGroup;
			children = (
				846ADEF8205BB96200FE9034 /* MJRefreshGifHeader.h */,
				846ADEF9205BB96200FE9034 /* MJRefreshGifHeader.m */,
				846ADEFA205BB96200FE9034 /* MJRefreshNormalHeader.h */,
				846ADEFB205BB96200FE9034 /* MJRefreshNormalHeader.m */,
				846ADEFC205BB96200FE9034 /* MJRefreshStateHeader.h */,
				846ADEFD205BB96200FE9034 /* MJRefreshStateHeader.m */,
			);
			path = Header;
			sourceTree = "<group>";
		};
		8483C1351DADDF1600EDB017 = {
			isa = PBXGroup;
			children = (
				8483C1401DADDF1600EDB017 /* MJRefreshTest */,
				8483C13F1DADDF1600EDB017 /* Products */,
			);
			sourceTree = "<group>";
		};
		8483C13F1DADDF1600EDB017 /* Products */ = {
			isa = PBXGroup;
			children = (
				8483C13E1DADDF1600EDB017 /* MJRefreshTest.app */,
			);
			name = Products;
			sourceTree = "<group>";
		};
		8483C1401DADDF1600EDB017 /* MJRefreshTest */ = {
			isa = PBXGroup;
			children = (
				A9D43C931DBB2AEA00937123 /* iconfont */,
				84F9E4801DAF661E00A3E635 /* MJTableBase */,
				8483C1441DADDF1600EDB017 /* AppDelegate.h */,
				8483C1451DADDF1600EDB017 /* AppDelegate.m */,
				8483C1471DADDF1600EDB017 /* ViewController.h */,
				8483C1481DADDF1600EDB017 /* ViewController.m */,
				8483C14D1DADDF1600EDB017 /* Assets.xcassets */,
				8483C14F1DADDF1600EDB017 /* LaunchScreen.storyboard */,
				8483C1521DADDF1600EDB017 /* Info.plist */,
				8483C1411DADDF1600EDB017 /* Supporting Files */,
				84FB4A121DB75AC100823DEC /* UICuteView.h */,
				84FB4A131DB75AC100823DEC /* UICuteView.m */,
				84408E8C1DB86A03001DCA82 /* DiyCuteRefreshHeader.h */,
				84408E8D1DB86A03001DCA82 /* DiyCuteRefreshHeader.m */,
				8472882C1FE221470020C0D9 /* DiyRotateRefreshHeader.h */,
				8472882D1FE221470020C0D9 /* DiyRotateRefreshHeader.m */,
			);
			path = MJRefreshTest;
			sourceTree = "<group>";
		};
		8483C1411DADDF1600EDB017 /* Supporting Files */ = {
			isa = PBXGroup;
			children = (
				8483C1421DADDF1600EDB017 /* main.m */,
			);
			name = "Supporting Files";
			sourceTree = "<group>";
		};
		84F9E4801DAF661E00A3E635 /* MJTableBase */ = {
			isa = PBXGroup;
			children = (
				846ADEDB205BB96200FE9034 /* MJRefresh */,
				846ADE4C205BB4D100FE9034 /* MJTableBaseView.h */,
				846ADE4F205BB4D100FE9034 /* MJTableBaseView.m */,
				846ADE4B205BB4D100FE9034 /* MJTableViewCell.h */,
				846ADE4A205BB4D100FE9034 /* MJTableViewCell.m */,
				846ADE4D205BB4D100FE9034 /* MJTableViewController.h */,
				846ADE46205BB4D000FE9034 /* MJTableViewController.m */,
				846ADE4E205BB4D100FE9034 /* MJTableViewHeader.h */,
				846ADE47205BB4D000FE9034 /* MJTableViewHeader.m */,
				846ADE48205BB4D000FE9034 /* MJTableViewSection.h */,
				846ADE49205BB4D100FE9034 /* MJTableViewSection.m */,
				846ADF21205BC1AA00FE9034 /* MJRefreshComponent+GY.h */,
				846ADF22205BC1AA00FE9034 /* MJRefreshComponent+GY.m */,
				846ADF24205BC6B800FE9034 /* MJRefreshAutoFooterGY.h */,
				846ADF25205BC6B800FE9034 /* MJRefreshAutoFooterGY.m */,
			);
			path = MJTableBase;
			sourceTree = "<group>";
		};
		A9D43C931DBB2AEA00937123 /* iconfont */ = {
			isa = PBXGroup;
			children = (
				A9D43CA21DBB2EF400937123 /* iconfont.ttf */,
			);
			path = iconfont;
			sourceTree = "<group>";
		};
/* End PBXGroup section */

/* Begin PBXNativeTarget section */
		8483C13D1DADDF1600EDB017 /* MJRefreshTest */ = {
			isa = PBXNativeTarget;
			buildConfigurationList = 8483C1551DADDF1600EDB017 /* Build configuration list for PBXNativeTarget "MJRefreshTest" */;
			buildPhases = (
				8483C13A1DADDF1600EDB017 /* Sources */,
				8483C13B1DADDF1600EDB017 /* Frameworks */,
				8483C13C1DADDF1600EDB017 /* Resources */,
			);
			buildRules = (
			);
			dependencies = (
			);
			name = MJRefreshTest;
			productName = MJRefreshTest;
			productReference = 8483C13E1DADDF1600EDB017 /* MJRefreshTest.app */;
			productType = "com.apple.product-type.application";
		};
/* End PBXNativeTarget section */

/* Begin PBXProject section */
		8483C1361DADDF1600EDB017 /* Project object */ = {
			isa = PBXProject;
			attributes = {
				LastUpgradeCheck = 0710;
				ORGANIZATIONNAME = admin;
				TargetAttributes = {
					8483C13D1DADDF1600EDB017 = {
						CreatedOnToolsVersion = 7.1.1;
						DevelopmentTeam = XZATG76F8M;
					};
				};
			};
			buildConfigurationList = 8483C1391DADDF1600EDB017 /* Build configuration list for PBXProject "MJRefreshTest" */;
			compatibilityVersion = "Xcode 3.2";
			developmentRegion = English;
			hasScannedForEncodings = 0;
			knownRegions = (
				en,
				Base,
			);
			mainGroup = 8483C1351DADDF1600EDB017;
			productRefGroup = 8483C13F1DADDF1600EDB017 /* Products */;
			projectDirPath = "";
			projectRoot = "";
			targets = (
				8483C13D1DADDF1600EDB017 /* MJRefreshTest */,
			);
		};
/* End PBXProject section */

/* Begin PBXResourcesBuildPhase section */
		8483C13C1DADDF1600EDB017 /* Resources */ = {
			isa = PBXResourcesBuildPhase;
			buildActionMask = 2147483647;
			files = (
				A9D43CA31DBB2EFD00937123 /* iconfont.ttf in Resources */,
				8483C1511DADDF1600EDB017 /* LaunchScreen.storyboard in Resources */,
				846ADF18205BB96200FE9034 /* MJRefresh.bundle in Resources */,
				8483C14E1DADDF1600EDB017 /* Assets.xcassets in Resources */,
			);
			runOnlyForDeploymentPostprocessing = 0;
		};
/* End PBXResourcesBuildPhase section */

/* Begin PBXSourcesBuildPhase section */
		8483C13A1DADDF1600EDB017 /* Sources */ = {
			isa = PBXSourcesBuildPhase;
			buildActionMask = 2147483647;
			files = (
				846ADF26205BC6B800FE9034 /* MJRefreshAutoFooterGY.m in Sources */,
				846ADF1B205BB96200FE9034 /* UIScrollView+MJExtension.m in Sources */,
				846ADF16205BB96200FE9034 /* MJRefreshNormalHeader.m in Sources */,
				846ADF14205BB96200FE9034 /* MJRefreshBackStateFooter.m in Sources */,
				8483C1491DADDF1600EDB017 /* ViewController.m in Sources */,
				846ADF13205BB96200FE9034 /* MJRefreshBackNormalFooter.m in Sources */,
				8483C1461DADDF1600EDB017 /* AppDelegate.m in Sources */,
				846ADF0D205BB96200FE9034 /* MJRefreshFooter.m in Sources */,
				846ADF0E205BB96200FE9034 /* MJRefreshHeader.m in Sources */,
				846ADF19205BB96200FE9034 /* MJRefreshConst.m in Sources */,
				84FB4A141DB75AC100823DEC /* UICuteView.m in Sources */,
				846ADF10205BB96200FE9034 /* MJRefreshAutoNormalFooter.m in Sources */,
				846ADF1A205BB96200FE9034 /* NSBundle+MJRefresh.m in Sources */,
				84408E8E1DB86A03001DCA82 /* DiyCuteRefreshHeader.m in Sources */,
				846ADE54205BB4D200FE9034 /* MJTableBaseView.m in Sources */,
				846ADE53205BB4D200FE9034 /* MJTableViewCell.m in Sources */,
				846ADF12205BB96200FE9034 /* MJRefreshBackGifFooter.m in Sources */,
				846ADE50205BB4D200FE9034 /* MJTableViewController.m in Sources */,
				846ADF0F205BB96200FE9034 /* MJRefreshAutoGifFooter.m in Sources */,
				846ADF15205BB96200FE9034 /* MJRefreshGifHeader.m in Sources */,
				846ADF0C205BB96200FE9034 /* MJRefreshComponent.m in Sources */,
				846ADF23205BC1AA00FE9034 /* MJRefreshComponent+GY.m in Sources */,
				8483C1431DADDF1600EDB017 /* main.m in Sources */,
				8472882E1FE221470020C0D9 /* DiyRotateRefreshHeader.m in Sources */,
				846ADF0B205BB96200FE9034 /* MJRefreshBackFooter.m in Sources */,
				846ADF17205BB96200FE9034 /* MJRefreshStateHeader.m in Sources */,
				846ADF1D205BB96200FE9034 /* UIView+MJExtension.m in Sources */,
				846ADE51205BB4D200FE9034 /* MJTableViewHeader.m in Sources */,
				846ADF11205BB96200FE9034 /* MJRefreshAutoStateFooter.m in Sources */,
				846ADF1C205BB96200FE9034 /* UIScrollView+MJRefresh.m in Sources */,
				846ADF0A205BB96200FE9034 /* MJRefreshAutoFooter.m in Sources */,
				846ADE52205BB4D200FE9034 /* MJTableViewSection.m in Sources */,
			);
			runOnlyForDeploymentPostprocessing = 0;
		};
/* End PBXSourcesBuildPhase section */

/* Begin PBXVariantGroup section */
		8483C14F1DADDF1600EDB017 /* LaunchScreen.storyboard */ = {
			isa = PBXVariantGroup;
			children = (
				8483C1501DADDF1600EDB017 /* Base */,
			);
			name = LaunchScreen.storyboard;
			sourceTree = "<group>";
		};
/* End PBXVariantGroup section */

/* Begin XCBuildConfiguration section */
		8483C1531DADDF1600EDB017 /* Debug */ = {
			isa = XCBuildConfiguration;
			buildSettings = {
				ALWAYS_SEARCH_USER_PATHS = NO;
				CLANG_CXX_LANGUAGE_STANDARD = "gnu++0x";
				CLANG_CXX_LIBRARY = "libc++";
				CLANG_ENABLE_MODULES = YES;
				CLANG_ENABLE_OBJC_ARC = YES;
				CLANG_WARN_BOOL_CONVERSION = YES;
				CLANG_WARN_CONSTANT_CONVERSION = YES;
				CLANG_WARN_DIRECT_OBJC_ISA_USAGE = YES_ERROR;
				CLANG_WARN_EMPTY_BODY = YES;
				CLANG_WARN_ENUM_CONVERSION = YES;
				CLANG_WARN_INT_CONVERSION = YES;
				CLANG_WARN_OBJC_ROOT_CLASS = YES_ERROR;
				CLANG_WARN_UNREACHABLE_CODE = YES;
				CLANG_WARN__DUPLICATE_METHOD_MATCH = YES;
				"CODE_SIGN_IDENTITY[sdk=iphoneos*]" = "iPhone Developer";
				COPY_PHASE_STRIP = NO;
				DEBUG_INFORMATION_FORMAT = dwarf;
				ENABLE_STRICT_OBJC_MSGSEND = YES;
				ENABLE_TESTABILITY = YES;
				GCC_C_LANGUAGE_STANDARD = gnu99;
				GCC_DYNAMIC_NO_PIC = NO;
				GCC_NO_COMMON_BLOCKS = YES;
				GCC_OPTIMIZATION_LEVEL = 0;
				GCC_PREPROCESSOR_DEFINITIONS = (
					"DEBUG=1",
					"$(inherited)",
				);
				GCC_WARN_64_TO_32_BIT_CONVERSION = YES;
				GCC_WARN_ABOUT_RETURN_TYPE = YES_ERROR;
				GCC_WARN_UNDECLARED_SELECTOR = YES;
				GCC_WARN_UNINITIALIZED_AUTOS = YES_AGGRESSIVE;
				GCC_WARN_UNUSED_FUNCTION = YES;
				GCC_WARN_UNUSED_VARIABLE = YES;
				IPHONEOS_DEPLOYMENT_TARGET = 7.0;
				MTL_ENABLE_DEBUG_INFO = YES;
				ONLY_ACTIVE_ARCH = YES;
				SDKROOT = iphoneos;
				TARGETED_DEVICE_FAMILY = "1,2";
			};
			name = Debug;
		};
		8483C1541DADDF1600EDB017 /* Release */ = {
			isa = XCBuildConfiguration;
			buildSettings = {
				ALWAYS_SEARCH_USER_PATHS = NO;
				CLANG_CXX_LANGUAGE_STANDARD = "gnu++0x";
				CLANG_CXX_LIBRARY = "libc++";
				CLANG_ENABLE_MODULES = YES;
				CLANG_ENABLE_OBJC_ARC = YES;
				CLANG_WARN_BOOL_CONVERSION = YES;
				CLANG_WARN_CONSTANT_CONVERSION = YES;
				CLANG_WARN_DIRECT_OBJC_ISA_USAGE = YES_ERROR;
				CLANG_WARN_EMPTY_BODY = YES;
				CLANG_WARN_ENUM_CONVERSION = YES;
				CLANG_WARN_INT_CONVERSION = YES;
				CLANG_WARN_OBJC_ROOT_CLASS = YES_ERROR;
				CLANG_WARN_UNREACHABLE_CODE = YES;
				CLANG_WARN__DUPLICATE_METHOD_MATCH = YES;
				"CODE_SIGN_IDENTITY[sdk=iphoneos*]" = "iPhone Developer";
				COPY_PHASE_STRIP = NO;
				DEBUG_INFORMATION_FORMAT = "dwarf-with-dsym";
				ENABLE_NS_ASSERTIONS = NO;
				ENABLE_STRICT_OBJC_MSGSEND = YES;
				GCC_C_LANGUAGE_STANDARD = gnu99;
				GCC_NO_COMMON_BLOCKS = YES;
				GCC_WARN_64_TO_32_BIT_CONVERSION = YES;
				GCC_WARN_ABOUT_RETURN_TYPE = YES_ERROR;
				GCC_WARN_UNDECLARED_SELECTOR = YES;
				GCC_WARN_UNINITIALIZED_AUTOS = YES_AGGRESSIVE;
				GCC_WARN_UNUSED_FUNCTION = YES;
				GCC_WARN_UNUSED_VARIABLE = YES;
				IPHONEOS_DEPLOYMENT_TARGET = 7.0;
				MTL_ENABLE_DEBUG_INFO = NO;
				SDKROOT = iphoneos;
				TARGETED_DEVICE_FAMILY = "1,2";
				VALIDATE_PRODUCT = YES;
			};
			name = Release;
		};
		8483C1561DADDF1600EDB017 /* Debug */ = {
			isa = XCBuildConfiguration;
			buildSettings = {
				ASSETCATALOG_COMPILER_APPICON_NAME = AppIcon;
				CODE_SIGN_IDENTITY = "iPhone Developer";
				INFOPLIST_FILE = MJRefreshTest/Info.plist;
				LD_RUNPATH_SEARCH_PATHS = "$(inherited) @executable_path/Frameworks";
				PRODUCT_BUNDLE_IDENTIFIER = com.best.MJRefreshTest;
				PRODUCT_NAME = "$(TARGET_NAME)";
			};
			name = Debug;
		};
		8483C1571DADDF1600EDB017 /* Release */ = {
			isa = XCBuildConfiguration;
			buildSettings = {
				ASSETCATALOG_COMPILER_APPICON_NAME = AppIcon;
				CODE_SIGN_IDENTITY = "iPhone Developer";
				INFOPLIST_FILE = MJRefreshTest/Info.plist;
				LD_RUNPATH_SEARCH_PATHS = "$(inherited) @executable_path/Frameworks";
				PRODUCT_BUNDLE_IDENTIFIER = com.best.MJRefreshTest;
				PRODUCT_NAME = "$(TARGET_NAME)";
			};
			name = Release;
		};
/* End XCBuildConfiguration section */

/* Begin XCConfigurationList section */
		8483C1391DADDF1600EDB017 /* Build configuration list for PBXProject "MJRefreshTest" */ = {
			isa = XCConfigurationList;
			buildConfigurations = (
				8483C1531DADDF1600EDB017 /* Debug */,
				8483C1541DADDF1600EDB017 /* Release */,
			);
			defaultConfigurationIsVisible = 0;
			defaultConfigurationName = Release;
		};
		8483C1551DADDF1600EDB017 /* Build configuration list for PBXNativeTarget "MJRefreshTest" */ = {
			isa = XCConfigurationList;
			buildConfigurations = (
				8483C1561DADDF1600EDB017 /* Debug */,
				8483C1571DADDF1600EDB017 /* Release */,
			);
			defaultConfigurationIsVisible = 0;
			defaultConfigurationName = Release;
		};
/* End XCConfigurationList section */
	};
	rootObject = 8483C1361DADDF1600EDB017 /* Project object */;
}
